// !$*UTF8*$!
{
	archiveVersion = 1;
	classes = {
	};
	objectVersion = 50;
	objects = {

/* Begin PBXBuildFile section */
		088CB38326FF3CCC00286477 /* SafeCoreDataDemoApp.swift in Sources */ = {isa = PBXBuildFile; fileRef = 088CB38226FF3CCC00286477 /* SafeCoreDataDemoApp.swift */; };
		088CB38526FF3CCC00286477 /* ContentView.swift in Sources */ = {isa = PBXBuildFile; fileRef = 088CB38426FF3CCC00286477 /* ContentView.swift */; };
		088CB38726FF3CCF00286477 /* Assets.xcassets in Resources */ = {isa = PBXBuildFile; fileRef = 088CB38626FF3CCF00286477 /* Assets.xcassets */; };
		088CB38A26FF3CCF00286477 /* Preview Assets.xcassets in Resources */ = {isa = PBXBuildFile; fileRef = 088CB38926FF3CCF00286477 /* Preview Assets.xcassets */; };
		088CB38F26FF3CCF00286477 /* SafeCoreDataDemo.xcdatamodeld in Sources */ = {isa = PBXBuildFile; fileRef = 088CB38D26FF3CCF00286477 /* SafeCoreDataDemo.xcdatamodeld */; };
		088CB39D26FF47C700286477 /* FetchRequestWrapper+Publisher.swift in Sources */ = {isa = PBXBuildFile; fileRef = 088CB39726FF47C700286477 /* FetchRequestWrapper+Publisher.swift */; };
		088CB39E26FF47C700286477 /* FetchRequestWrapper.swift in Sources */ = {isa = PBXBuildFile; fileRef = 088CB39826FF47C700286477 /* FetchRequestWrapper.swift */; };
		088CB39F26FF47C700286477 /* FetchResultObserver.swift in Sources */ = {isa = PBXBuildFile; fileRef = 088CB39926FF47C700286477 /* FetchResultObserver.swift */; };
		088CB3A026FF47C700286477 /* FetchResultsObserverUseCase.swift in Sources */ = {isa = PBXBuildFile; fileRef = 088CB39A26FF47C700286477 /* FetchResultsObserverUseCase.swift */; };
		088CB3A126FF47C700286477 /* Database.swift in Sources */ = {isa = PBXBuildFile; fileRef = 088CB39B26FF47C700286477 /* Database.swift */; };
		088CB3A226FF47C700286477 /* FetchRequest+Count.swift in Sources */ = {isa = PBXBuildFile; fileRef = 088CB39C26FF47C700286477 /* FetchRequest+Count.swift */; };
		088CB3A626FF480C00286477 /* EntityConvertable.swift in Sources */ = {isa = PBXBuildFile; fileRef = 088CB3A426FF480C00286477 /* EntityConvertable.swift */; };
		088CB3A726FF480C00286477 /* ManagedObjectConvertible.swift in Sources */ = {isa = PBXBuildFile; fileRef = 088CB3A526FF480C00286477 /* ManagedObjectConvertible.swift */; };
		088CB3AF26FF4A9100286477 /* ThreadSafeBox+Collection.swift in Sources */ = {isa = PBXBuildFile; fileRef = 088CB3A926FF4A9100286477 /* ThreadSafeBox+Collection.swift */; };
		088CB3B026FF4A9100286477 /* POSIXSyncThreadSafeBox.swift in Sources */ = {isa = PBXBuildFile; fileRef = 088CB3AA26FF4A9100286477 /* POSIXSyncThreadSafeBox.swift */; };
		088CB3B126FF4A9100286477 /* GCDSyncThreadSafeBox.swift in Sources */ = {isa = PBXBuildFile; fileRef = 088CB3AB26FF4A9100286477 /* GCDSyncThreadSafeBox.swift */; };
		088CB3B226FF4A9100286477 /* ThreadSafeBox.swift in Sources */ = {isa = PBXBuildFile; fileRef = 088CB3AC26FF4A9100286477 /* ThreadSafeBox.swift */; };
		088CB3B326FF4A9100286477 /* ThreadSafeBox+MutableCollection.swift in Sources */ = {isa = PBXBuildFile; fileRef = 088CB3AD26FF4A9100286477 /* ThreadSafeBox+MutableCollection.swift */; };
		088CB3B426FF4A9100286477 /* BaseThreadSafeBox.swift in Sources */ = {isa = PBXBuildFile; fileRef = 088CB3AE26FF4A9100286477 /* BaseThreadSafeBox.swift */; };
		088CB3B626FF4C5F00286477 /* OptionalProtocol.swift in Sources */ = {isa = PBXBuildFile; fileRef = 088CB3B526FF4C5F00286477 /* OptionalProtocol.swift */; };
		088CB3B926FF4CBE00286477 /* With.swift in Sources */ = {isa = PBXBuildFile; fileRef = 088CB3B826FF4CBE00286477 /* With.swift */; };
		088CB3BB26FF4D3900286477 /* Collection+Safe.swift in Sources */ = {isa = PBXBuildFile; fileRef = 088CB3BA26FF4D3900286477 /* Collection+Safe.swift */; };
		088CB3C326FF4F2B00286477 /* ItemMO.swift in Sources */ = {isa = PBXBuildFile; fileRef = 088CB3C226FF4F2B00286477 /* ItemMO.swift */; };
		088CB3C526FF4F7000286477 /* Item.swift in Sources */ = {isa = PBXBuildFile; fileRef = 088CB3C426FF4F7000286477 /* Item.swift */; };
		088CB3C726FF503400286477 /* ManagedObjectConvertible+Create.swift in Sources */ = {isa = PBXBuildFile; fileRef = 088CB3C626FF503400286477 /* ManagedObjectConvertible+Create.swift */; };
		088CB3C926FF54EC00286477 /* ViewModel.swift in Sources */ = {isa = PBXBuildFile; fileRef = 088CB3C826FF54EC00286477 /* ViewModel.swift */; };
		088CB3CB26FF556A00286477 /* ItemMO+Query.swift in Sources */ = {isa = PBXBuildFile; fileRef = 088CB3CA26FF556A00286477 /* ItemMO+Query.swift */; };
		088CB3CD26FF613700286477 /* Reactive.swift in Sources */ = {isa = PBXBuildFile; fileRef = 088CB3CC26FF613700286477 /* Reactive.swift */; };
/* End PBXBuildFile section */

/* Begin PBXFileReference section */
		088CB37F26FF3CCC00286477 /* SafeCoreDataDemo.app */ = {isa = PBXFileReference; explicitFileType = wrapper.application; includeInIndex = 0; path = SafeCoreDataDemo.app; sourceTree = BUILT_PRODUCTS_DIR; };
		088CB38226FF3CCC00286477 /* SafeCoreDataDemoApp.swift */ = {isa = PBXFileReference; lastKnownFileType = sourcecode.swift; path = SafeCoreDataDemoApp.swift; sourceTree = "<group>"; };
		088CB38426FF3CCC00286477 /* ContentView.swift */ = {isa = PBXFileReference; lastKnownFileType = sourcecode.swift; path = ContentView.swift; sourceTree = "<group>"; };
		088CB38626FF3CCF00286477 /* Assets.xcassets */ = {isa = PBXFileReference; lastKnownFileType = folder.assetcatalog; path = Assets.xcassets; sourceTree = "<group>"; };
		088CB38926FF3CCF00286477 /* Preview Assets.xcassets */ = {isa = PBXFileReference; lastKnownFileType = folder.assetcatalog; path = "Preview Assets.xcassets"; sourceTree = "<group>"; };
		088CB38E26FF3CCF00286477 /* SafeCoreDataDemo.xcdatamodel */ = {isa = PBXFileReference; lastKnownFileType = wrapper.xcdatamodel; path = SafeCoreDataDemo.xcdatamodel; sourceTree = "<group>"; };
		088CB39026FF3CCF00286477 /* Info.plist */ = {isa = PBXFileReference; lastKnownFileType = text.plist.xml; path = Info.plist; sourceTree = "<group>"; };
		088CB39726FF47C700286477 /* FetchRequestWrapper+Publisher.swift */ = {isa = PBXFileReference; fileEncoding = 4; lastKnownFileType = sourcecode.swift; path = "FetchRequestWrapper+Publisher.swift"; sourceTree = "<group>"; };
		088CB39826FF47C700286477 /* FetchRequestWrapper.swift */ = {isa = PBXFileReference; fileEncoding = 4; lastKnownFileType = sourcecode.swift; path = FetchRequestWrapper.swift; sourceTree = "<group>"; };
		088CB39926FF47C700286477 /* FetchResultObserver.swift */ = {isa = PBXFileReference; fileEncoding = 4; lastKnownFileType = sourcecode.swift; path = FetchResultObserver.swift; sourceTree = "<group>"; };
		088CB39A26FF47C700286477 /* FetchResultsObserverUseCase.swift */ = {isa = PBXFileReference; fileEncoding = 4; lastKnownFileType = sourcecode.swift; path = FetchResultsObserverUseCase.swift; sourceTree = "<group>"; };
		088CB39B26FF47C700286477 /* Database.swift */ = {isa = PBXFileReference; fileEncoding = 4; lastKnownFileType = sourcecode.swift; path = Database.swift; sourceTree = "<group>"; };
		088CB39C26FF47C700286477 /* FetchRequest+Count.swift */ = {isa = PBXFileReference; fileEncoding = 4; lastKnownFileType = sourcecode.swift; path = "FetchRequest+Count.swift"; sourceTree = "<group>"; };
		088CB3A426FF480C00286477 /* EntityConvertable.swift */ = {isa = PBXFileReference; fileEncoding = 4; lastKnownFileType = sourcecode.swift; path = EntityConvertable.swift; sourceTree = "<group>"; };
		088CB3A526FF480C00286477 /* ManagedObjectConvertible.swift */ = {isa = PBXFileReference; fileEncoding = 4; lastKnownFileType = sourcecode.swift; path = ManagedObjectConvertible.swift; sourceTree = "<group>"; };
		088CB3A926FF4A9100286477 /* ThreadSafeBox+Collection.swift */ = {isa = PBXFileReference; fileEncoding = 4; lastKnownFileType = sourcecode.swift; path = "ThreadSafeBox+Collection.swift"; sourceTree = "<group>"; };
		088CB3AA26FF4A9100286477 /* POSIXSyncThreadSafeBox.swift */ = {isa = PBXFileReference; fileEncoding = 4; lastKnownFileType = sourcecode.swift; path = POSIXSyncThreadSafeBox.swift; sourceTree = "<group>"; };
		088CB3AB26FF4A9100286477 /* GCDSyncThreadSafeBox.swift */ = {isa = PBXFileReference; fileEncoding = 4; lastKnownFileType = sourcecode.swift; path = GCDSyncThreadSafeBox.swift; sourceTree = "<group>"; };
		088CB3AC26FF4A9100286477 /* ThreadSafeBox.swift */ = {isa = PBXFileReference; fileEncoding = 4; lastKnownFileType = sourcecode.swift; path = ThreadSafeBox.swift; sourceTree = "<group>"; };
		088CB3AD26FF4A9100286477 /* ThreadSafeBox+MutableCollection.swift */ = {isa = PBXFileReference; fileEncoding = 4; lastKnownFileType = sourcecode.swift; path = "ThreadSafeBox+MutableCollection.swift"; sourceTree = "<group>"; };
		088CB3AE26FF4A9100286477 /* BaseThreadSafeBox.swift */ = {isa = PBXFileReference; fileEncoding = 4; lastKnownFileType = sourcecode.swift; path = BaseThreadSafeBox.swift; sourceTree = "<group>"; };
		088CB3B526FF4C5F00286477 /* OptionalProtocol.swift */ = {isa = PBXFileReference; lastKnownFileType = sourcecode.swift; path = OptionalProtocol.swift; sourceTree = "<group>"; };
		088CB3B826FF4CBE00286477 /* With.swift */ = {isa = PBXFileReference; lastKnownFileType = sourcecode.swift; path = With.swift; sourceTree = "<group>"; };
		088CB3BA26FF4D3900286477 /* Collection+Safe.swift */ = {isa = PBXFileReference; lastKnownFileType = sourcecode.swift; path = "Collection+Safe.swift"; sourceTree = "<group>"; };
		088CB3C226FF4F2B00286477 /* ItemMO.swift */ = {isa = PBXFileReference; lastKnownFileType = sourcecode.swift; path = ItemMO.swift; sourceTree = "<group>"; };
		088CB3C426FF4F7000286477 /* Item.swift */ = {isa = PBXFileReference; lastKnownFileType = sourcecode.swift; path = Item.swift; sourceTree = "<group>"; };
		088CB3C626FF503400286477 /* ManagedObjectConvertible+Create.swift */ = {isa = PBXFileReference; lastKnownFileType = sourcecode.swift; path = "ManagedObjectConvertible+Create.swift"; sourceTree = "<group>"; };
		088CB3C826FF54EC00286477 /* ViewModel.swift */ = {isa = PBXFileReference; lastKnownFileType = sourcecode.swift; path = ViewModel.swift; sourceTree = "<group>"; };
		088CB3CA26FF556A00286477 /* ItemMO+Query.swift */ = {isa = PBXFileReference; lastKnownFileType = sourcecode.swift; path = "ItemMO+Query.swift"; sourceTree = "<group>"; };
		088CB3CC26FF613700286477 /* Reactive.swift */ = {isa = PBXFileReference; lastKnownFileType = sourcecode.swift; path = Reactive.swift; sourceTree = "<group>"; };
/* End PBXFileReference section */

/* Begin PBXFrameworksBuildPhase section */
		088CB37C26FF3CCC00286477 /* Frameworks */ = {
			isa = PBXFrameworksBuildPhase;
			buildActionMask = 2147483647;
			files = (
			);
			runOnlyForDeploymentPostprocessing = 0;
		};
/* End PBXFrameworksBuildPhase section */

/* Begin PBXGroup section */
		088CB37626FF3CCC00286477 = {
			isa = PBXGroup;
			children = (
				088CB38126FF3CCC00286477 /* SafeCoreDataDemo */,
				088CB38026FF3CCC00286477 /* Products */,
			);
			sourceTree = "<group>";
		};
		088CB38026FF3CCC00286477 /* Products */ = {
			isa = PBXGroup;
			children = (
				088CB37F26FF3CCC00286477 /* SafeCoreDataDemo.app */,
			);
			name = Products;
			sourceTree = "<group>";
		};
		088CB38126FF3CCC00286477 /* SafeCoreDataDemo */ = {
			isa = PBXGroup;
			children = (
				088CB39026FF3CCF00286477 /* Info.plist */,
				088CB38826FF3CCF00286477 /* Preview Content */,
				088CB38226FF3CCC00286477 /* SafeCoreDataDemoApp.swift */,
				088CB3BE26FF4EC100286477 /* Resourses */,
				088CB3BD26FF4E5C00286477 /* Services */,
				088CB3BC26FF4E4B00286477 /* App */,
			);
			path = SafeCoreDataDemo;
			sourceTree = "<group>";
		};
		088CB38826FF3CCF00286477 /* Preview Content */ = {
			isa = PBXGroup;
			children = (
				088CB38926FF3CCF00286477 /* Preview Assets.xcassets */,
			);
			path = "Preview Content";
			sourceTree = "<group>";
		};
		088CB39626FF47C700286477 /* DatabaseService */ = {
			isa = PBXGroup;
			children = (
				088CB3A326FF480C00286477 /* Protocols */,
				088CB39926FF47C700286477 /* FetchResultObserver.swift */,
				088CB39A26FF47C700286477 /* FetchResultsObserverUseCase.swift */,
				088CB39B26FF47C700286477 /* Database.swift */,
				088CB39C26FF47C700286477 /* FetchRequest+Count.swift */,
			);
			path = DatabaseService;
			sourceTree = "<group>";
		};
		088CB3A326FF480C00286477 /* Protocols */ = {
			isa = PBXGroup;
			children = (
				088CB39726FF47C700286477 /* FetchRequestWrapper+Publisher.swift */,
				088CB39826FF47C700286477 /* FetchRequestWrapper.swift */,
				088CB3A426FF480C00286477 /* EntityConvertable.swift */,
				088CB3A526FF480C00286477 /* ManagedObjectConvertible.swift */,
				088CB3C626FF503400286477 /* ManagedObjectConvertible+Create.swift */,
			);
			path = Protocols;
			sourceTree = "<group>";
		};
		088CB3A826FF4A9100286477 /* Safe */ = {
			isa = PBXGroup;
			children = (
				088CB3A926FF4A9100286477 /* ThreadSafeBox+Collection.swift */,
				088CB3AA26FF4A9100286477 /* POSIXSyncThreadSafeBox.swift */,
				088CB3AB26FF4A9100286477 /* GCDSyncThreadSafeBox.swift */,
				088CB3AC26FF4A9100286477 /* ThreadSafeBox.swift */,
				088CB3AD26FF4A9100286477 /* ThreadSafeBox+MutableCollection.swift */,
				088CB3AE26FF4A9100286477 /* BaseThreadSafeBox.swift */,
				088CB3BA26FF4D3900286477 /* Collection+Safe.swift */,
			);
			path = Safe;
			sourceTree = "<group>";
		};
		088CB3B726FF4C9400286477 /* Lib */ = {
			isa = PBXGroup;
			children = (
				088CB3B826FF4CBE00286477 /* With.swift */,
				088CB3B526FF4C5F00286477 /* OptionalProtocol.swift */,
				088CB3A826FF4A9100286477 /* Safe */,
				088CB3CC26FF613700286477 /* Reactive.swift */,
			);
			path = Lib;
			sourceTree = "<group>";
		};
		088CB3BC26FF4E4B00286477 /* App */ = {
			isa = PBXGroup;
			children = (
				088CB3C126FF4F1A00286477 /* ViewModel */,
				088CB3C026FF4F1200286477 /* Model */,
				088CB3BF26FF4EF700286477 /* View */,
			);
			path = App;
			sourceTree = "<group>";
		};
		088CB3BD26FF4E5C00286477 /* Services */ = {
			isa = PBXGroup;
			children = (
				088CB39626FF47C700286477 /* DatabaseService */,
				088CB3B726FF4C9400286477 /* Lib */,
			);
			path = Services;
			sourceTree = "<group>";
		};
		088CB3BE26FF4EC100286477 /* Resourses */ = {
			isa = PBXGroup;
			children = (
				088CB38D26FF3CCF00286477 /* SafeCoreDataDemo.xcdatamodeld */,
				088CB38626FF3CCF00286477 /* Assets.xcassets */,
			);
			path = Resourses;
			sourceTree = "<group>";
		};
		088CB3BF26FF4EF700286477 /* View */ = {
			isa = PBXGroup;
			children = (
				088CB38426FF3CCC00286477 /* ContentView.swift */,
			);
			path = View;
			sourceTree = "<group>";
		};
		088CB3C026FF4F1200286477 /* Model */ = {
			isa = PBXGroup;
			children = (
				088CB3C226FF4F2B00286477 /* ItemMO.swift */,
				088CB3CA26FF556A00286477 /* ItemMO+Query.swift */,
				088CB3C426FF4F7000286477 /* Item.swift */,
			);
			path = Model;
			sourceTree = "<group>";
		};
		088CB3C126FF4F1A00286477 /* ViewModel */ = {
			isa = PBXGroup;
			children = (
				088CB3C826FF54EC00286477 /* ViewModel.swift */,
			);
			path = ViewModel;
			sourceTree = "<group>";
		};
/* End PBXGroup section */

/* Begin PBXNativeTarget section */
		088CB37E26FF3CCC00286477 /* SafeCoreDataDemo */ = {
			isa = PBXNativeTarget;
			buildConfigurationList = 088CB39326FF3CCF00286477 /* Build configuration list for PBXNativeTarget "SafeCoreDataDemo" */;
			buildPhases = (
				088CB37B26FF3CCC00286477 /* Sources */,
				088CB37C26FF3CCC00286477 /* Frameworks */,
				088CB37D26FF3CCC00286477 /* Resources */,
			);
			buildRules = (
			);
			dependencies = (
			);
			name = SafeCoreDataDemo;
			productName = SafeCoreDataDemo;
			productReference = 088CB37F26FF3CCC00286477 /* SafeCoreDataDemo.app */;
			productType = "com.apple.product-type.application";
		};
/* End PBXNativeTarget section */

/* Begin PBXProject section */
		088CB37726FF3CCC00286477 /* Project object */ = {
			isa = PBXProject;
			attributes = {
				LastSwiftUpdateCheck = 1250;
				LastUpgradeCheck = 1250;
				TargetAttributes = {
					088CB37E26FF3CCC00286477 = {
						CreatedOnToolsVersion = 12.5.1;
					};
				};
			};
			buildConfigurationList = 088CB37A26FF3CCC00286477 /* Build configuration list for PBXProject "SafeCoreDataDemo" */;
			compatibilityVersion = "Xcode 9.3";
			developmentRegion = en;
			hasScannedForEncodings = 0;
			knownRegions = (
				en,
				Base,
			);
			mainGroup = 088CB37626FF3CCC00286477;
			productRefGroup = 088CB38026FF3CCC00286477 /* Products */;
			projectDirPath = "";
			projectRoot = "";
			targets = (
				088CB37E26FF3CCC00286477 /* SafeCoreDataDemo */,
			);
		};
/* End PBXProject section */

/* Begin PBXResourcesBuildPhase section */
		088CB37D26FF3CCC00286477 /* Resources */ = {
			isa = PBXResourcesBuildPhase;
			buildActionMask = 2147483647;
			files = (
				088CB38A26FF3CCF00286477 /* Preview Assets.xcassets in Resources */,
				088CB38726FF3CCF00286477 /* Assets.xcassets in Resources */,
			);
			runOnlyForDeploymentPostprocessing = 0;
		};
/* End PBXResourcesBuildPhase section */

/* Begin PBXSourcesBuildPhase section */
		088CB37B26FF3CCC00286477 /* Sources */ = {
			isa = PBXSourcesBuildPhase;
			buildActionMask = 2147483647;
			files = (
				088CB3AF26FF4A9100286477 /* ThreadSafeBox+Collection.swift in Sources */,
				088CB39E26FF47C700286477 /* FetchRequestWrapper.swift in Sources */,
				088CB38F26FF3CCF00286477 /* SafeCoreDataDemo.xcdatamodeld in Sources */,
				088CB3A626FF480C00286477 /* EntityConvertable.swift in Sources */,
				088CB3B126FF4A9100286477 /* GCDSyncThreadSafeBox.swift in Sources */,
				088CB3B926FF4CBE00286477 /* With.swift in Sources */,
				088CB3C526FF4F7000286477 /* Item.swift in Sources */,
				088CB3B326FF4A9100286477 /* ThreadSafeBox+MutableCollection.swift in Sources */,
				088CB3B026FF4A9100286477 /* POSIXSyncThreadSafeBox.swift in Sources */,
				088CB3A026FF47C700286477 /* FetchResultsObserverUseCase.swift in Sources */,
				088CB38526FF3CCC00286477 /* ContentView.swift in Sources */,
				088CB39F26FF47C700286477 /* FetchResultObserver.swift in Sources */,
				088CB3BB26FF4D3900286477 /* Collection+Safe.swift in Sources */,
				088CB3C326FF4F2B00286477 /* ItemMO.swift in Sources */,
				088CB3CD26FF613700286477 /* Reactive.swift in Sources */,
				088CB3A126FF47C700286477 /* Database.swift in Sources */,
				088CB3CB26FF556A00286477 /* ItemMO+Query.swift in Sources */,
				088CB38326FF3CCC00286477 /* SafeCoreDataDemoApp.swift in Sources */,
				088CB3A226FF47C700286477 /* FetchRequest+Count.swift in Sources */,
				088CB3A726FF480C00286477 /* ManagedObjectConvertible.swift in Sources */,
				088CB3B226FF4A9100286477 /* ThreadSafeBox.swift in Sources */,
				088CB39D26FF47C700286477 /* FetchRequestWrapper+Publisher.swift in Sources */,
				088CB3B626FF4C5F00286477 /* OptionalProtocol.swift in Sources */,
				088CB3B426FF4A9100286477 /* BaseThreadSafeBox.swift in Sources */,
				088CB3C926FF54EC00286477 /* ViewModel.swift in Sources */,
				088CB3C726FF503400286477 /* ManagedObjectConvertible+Create.swift in Sources */,
			);
			runOnlyForDeploymentPostprocessing = 0;
		};
/* End PBXSourcesBuildPhase section */

/* Begin XCBuildConfiguration section */
		088CB39126FF3CCF00286477 /* Debug */ = {
			isa = XCBuildConfiguration;
			buildSettings = {
				ALWAYS_SEARCH_USER_PATHS = NO;
				CLANG_ANALYZER_NONNULL = YES;
				CLANG_ANALYZER_NUMBER_OBJECT_CONVERSION = YES_AGGRESSIVE;
				CLANG_CXX_LANGUAGE_STANDARD = "gnu++14";
				CLANG_CXX_LIBRARY = "libc++";
				CLANG_ENABLE_MODULES = YES;
				CLANG_ENABLE_OBJC_ARC = YES;
				CLANG_ENABLE_OBJC_WEAK = YES;
				CLANG_WARN_BLOCK_CAPTURE_AUTORELEASING = YES;
				CLANG_WARN_BOOL_CONVERSION = YES;
				CLANG_WARN_COMMA = YES;
				CLANG_WARN_CONSTANT_CONVERSION = YES;
				CLANG_WARN_DEPRECATED_OBJC_IMPLEMENTATIONS = YES;
				CLANG_WARN_DIRECT_OBJC_ISA_USAGE = YES_ERROR;
				CLANG_WARN_DOCUMENTATION_COMMENTS = YES;
				CLANG_WARN_EMPTY_BODY = YES;
				CLANG_WARN_ENUM_CONVERSION = YES;
				CLANG_WARN_INFINITE_RECURSION = YES;
				CLANG_WARN_INT_CONVERSION = YES;
				CLANG_WARN_NON_LITERAL_NULL_CONVERSION = YES;
				CLANG_WARN_OBJC_IMPLICIT_RETAIN_SELF = YES;
				CLANG_WARN_OBJC_LITERAL_CONVERSION = YES;
				CLANG_WARN_OBJC_ROOT_CLASS = YES_ERROR;
				CLANG_WARN_QUOTED_INCLUDE_IN_FRAMEWORK_HEADER = YES;
				CLANG_WARN_RANGE_LOOP_ANALYSIS = YES;
				CLANG_WARN_STRICT_PROTOTYPES = YES;
				CLANG_WARN_SUSPICIOUS_MOVE = YES;
				CLANG_WARN_UNGUARDED_AVAILABILITY = YES_AGGRESSIVE;
				CLANG_WARN_UNREACHABLE_CODE = YES;
				CLANG_WARN__DUPLICATE_METHOD_MATCH = YES;
				COPY_PHASE_STRIP = NO;
				DEBUG_INFORMATION_FORMAT = dwarf;
				ENABLE_STRICT_OBJC_MSGSEND = YES;
				ENABLE_TESTABILITY = YES;
				GCC_C_LANGUAGE_STANDARD = gnu11;
				GCC_DYNAMIC_NO_PIC = NO;
				GCC_NO_COMMON_BLOCKS = YES;
				GCC_OPTIMIZATION_LEVEL = 0;
				GCC_PREPROCESSOR_DEFINITIONS = (
					"DEBUG=1",
					"$(inherited)",
				);
				GCC_WARN_64_TO_32_BIT_CONVERSION = YES;
				GCC_WARN_ABOUT_RETURN_TYPE = YES_ERROR;
				GCC_WARN_UNDECLARED_SELECTOR = YES;
				GCC_WARN_UNINITIALIZED_AUTOS = YES_AGGRESSIVE;
				GCC_WARN_UNUSED_FUNCTION = YES;
				GCC_WARN_UNUSED_VARIABLE = YES;
				IPHONEOS_DEPLOYMENT_TARGET = 14.5;
				MTL_ENABLE_DEBUG_INFO = INCLUDE_SOURCE;
				MTL_FAST_MATH = YES;
				ONLY_ACTIVE_ARCH = YES;
				SDKROOT = iphoneos;
				SWIFT_ACTIVE_COMPILATION_CONDITIONS = DEBUG;
				SWIFT_OPTIMIZATION_LEVEL = "-Onone";
			};
			name = Debug;
		};
		088CB39226FF3CCF00286477 /* Release */ = {
			isa = XCBuildConfiguration;
			buildSettings = {
				ALWAYS_SEARCH_USER_PATHS = NO;
				CLANG_ANALYZER_NONNULL = YES;
				CLANG_ANALYZER_NUMBER_OBJECT_CONVERSION = YES_AGGRESSIVE;
				CLANG_CXX_LANGUAGE_STANDARD = "gnu++14";
				CLANG_CXX_LIBRARY = "libc++";
				CLANG_ENABLE_MODULES = YES;
				CLANG_ENABLE_OBJC_ARC = YES;
				CLANG_ENABLE_OBJC_WEAK = YES;
				CLANG_WARN_BLOCK_CAPTURE_AUTORELEASING = YES;
				CLANG_WARN_BOOL_CONVERSION = YES;
				CLANG_WARN_COMMA = YES;
				CLANG_WARN_CONSTANT_CONVERSION = YES;
				CLANG_WARN_DEPRECATED_OBJC_IMPLEMENTATIONS = YES;
				CLANG_WARN_DIRECT_OBJC_ISA_USAGE = YES_ERROR;
				CLANG_WARN_DOCUMENTATION_COMMENTS = YES;
				CLANG_WARN_EMPTY_BODY = YES;
				CLANG_WARN_ENUM_CONVERSION = YES;
				CLANG_WARN_INFINITE_RECURSION = YES;
				CLANG_WARN_INT_CONVERSION = YES;
				CLANG_WARN_NON_LITERAL_NULL_CONVERSION = YES;
				CLANG_WARN_OBJC_IMPLICIT_RETAIN_SELF = YES;
				CLANG_WARN_OBJC_LITERAL_CONVERSION = YES;
				CLANG_WARN_OBJC_ROOT_CLASS = YES_ERROR;
				CLANG_WARN_QUOTED_INCLUDE_IN_FRAMEWORK_HEADER = YES;
				CLANG_WARN_RANGE_LOOP_ANALYSIS = YES;
				CLANG_WARN_STRICT_PROTOTYPES = YES;
				CLANG_WARN_SUSPICIOUS_MOVE = YES;
				CLANG_WARN_UNGUARDED_AVAILABILITY = YES_AGGRESSIVE;
				CLANG_WARN_UNREACHABLE_CODE = YES;
				CLANG_WARN__DUPLICATE_METHOD_MATCH = YES;
				COPY_PHASE_STRIP = NO;
				DEBUG_INFORMATION_FORMAT = "dwarf-with-dsym";
				ENABLE_NS_ASSERTIONS = NO;
				ENABLE_STRICT_OBJC_MSGSEND = YES;
				GCC_C_LANGUAGE_STANDARD = gnu11;
				GCC_NO_COMMON_BLOCKS = YES;
				GCC_WARN_64_TO_32_BIT_CONVERSION = YES;
				GCC_WARN_ABOUT_RETURN_TYPE = YES_ERROR;
				GCC_WARN_UNDECLARED_SELECTOR = YES;
				GCC_WARN_UNINITIALIZED_AUTOS = YES_AGGRESSIVE;
				GCC_WARN_UNUSED_FUNCTION = YES;
				GCC_WARN_UNUSED_VARIABLE = YES;
				IPHONEOS_DEPLOYMENT_TARGET = 14.5;
				MTL_ENABLE_DEBUG_INFO = NO;
				MTL_FAST_MATH = YES;
				SDKROOT = iphoneos;
				SWIFT_COMPILATION_MODE = wholemodule;
				SWIFT_OPTIMIZATION_LEVEL = "-O";
				VALIDATE_PRODUCT = YES;
			};
			name = Release;
		};
		088CB39426FF3CCF00286477 /* Debug */ = {
			isa = XCBuildConfiguration;
			buildSettings = {
				ASSETCATALOG_COMPILER_APPICON_NAME = AppIcon;
				ASSETCATALOG_COMPILER_GLOBAL_ACCENT_COLOR_NAME = AccentColor;
				CODE_SIGN_STYLE = Automatic;
				DEVELOPMENT_ASSET_PATHS = "\"SafeCoreDataDemo/Preview Content\"";
				DEVELOPMENT_TEAM = GMP37C82NC;
				ENABLE_PREVIEWS = YES;
				INFOPLIST_FILE = SafeCoreDataDemo/Info.plist;
				IPHONEOS_DEPLOYMENT_TARGET = 14.0;
				LD_RUNPATH_SEARCH_PATHS = (
					"$(inherited)",
					"@executable_path/Frameworks",
				);
				PRODUCT_BUNDLE_IDENTIFIER = gen.tech.SafeCoreDataDemo;
				PRODUCT_NAME = "$(TARGET_NAME)";
				SWIFT_VERSION = 5.0;
				TARGETED_DEVICE_FAMILY = "1,2";
			};
			name = Debug;
		};
		088CB39526FF3CCF00286477 /* Release */ = {
			isa = XCBuildConfiguration;
			buildSettings = {
				ASSETCATALOG_COMPILER_APPICON_NAME = AppIcon;
				ASSETCATALOG_COMPILER_GLOBAL_ACCENT_COLOR_NAME = AccentColor;
				CODE_SIGN_STYLE = Automatic;
				DEVELOPMENT_ASSET_PATHS = "\"SafeCoreDataDemo/Preview Content\"";
				DEVELOPMENT_TEAM = GMP37C82NC;
				ENABLE_PREVIEWS = YES;
				INFOPLIST_FILE = SafeCoreDataDemo/Info.plist;
				IPHONEOS_DEPLOYMENT_TARGET = 14.0;
				LD_RUNPATH_SEARCH_PATHS = (
					"$(inherited)",
					"@executable_path/Frameworks",
				);
				PRODUCT_BUNDLE_IDENTIFIER = gen.tech.SafeCoreDataDemo;
				PRODUCT_NAME = "$(TARGET_NAME)";
				SWIFT_VERSION = 5.0;
				TARGETED_DEVICE_FAMILY = "1,2";
			};
			name = Release;
		};
/* End XCBuildConfiguration section */

/* Begin XCConfigurationList section */
		088CB37A26FF3CCC00286477 /* Build configuration list for PBXProject "SafeCoreDataDemo" */ = {
			isa = XCConfigurationList;
			buildConfigurations = (
				088CB39126FF3CCF00286477 /* Debug */,
				088CB39226FF3CCF00286477 /* Release */,
			);
			defaultConfigurationIsVisible = 0;
			defaultConfigurationName = Release;
		};
		088CB39326FF3CCF00286477 /* Build configuration list for PBXNativeTarget "SafeCoreDataDemo" */ = {
			isa = XCConfigurationList;
			buildConfigurations = (
				088CB39426FF3CCF00286477 /* Debug */,
				088CB39526FF3CCF00286477 /* Release */,
			);
			defaultConfigurationIsVisible = 0;
			defaultConfigurationName = Release;
		};
/* End XCConfigurationList section */

/* Begin XCVersionGroup section */
		088CB38D26FF3CCF00286477 /* SafeCoreDataDemo.xcdatamodeld */ = {
			isa = XCVersionGroup;
			children = (
				088CB38E26FF3CCF00286477 /* SafeCoreDataDemo.xcdatamodel */,
			);
			currentVersion = 088CB38E26FF3CCF00286477 /* SafeCoreDataDemo.xcdatamodel */;
			path = SafeCoreDataDemo.xcdatamodeld;
			sourceTree = "<group>";
			versionGroupType = wrapper.xcdatamodel;
		};
/* End XCVersionGroup section */
	};
	rootObject = 088CB37726FF3CCC00286477 /* Project object */;
}
